{
  "name": "@tojen-dev/rpc-doctor",
  "version": "0.1.0",
  "lockfileVersion": 3,
  "requires": true,
  "packages": {
    "": {
      "name": "@tojen-dev/rpc-doctor",
      "version": "0.1.0",
      "license": "MIT",
      "bin": {
        "rpc-doctor": "bin/rpc-doctor.js"
      },
      "engines": {
        "node": ">=22"
      }
    }
  }
}
